
Microsoft Visual Studio Solution File, Format Version 12.00
# Visual Studio Version 17
VisualStudioVersion = 17.4.33110.190
MinimumVisualStudioVersion = 10.0.40219.1
Project("{9A19103F-16F7-4668-BE54-9A1E7A4F7556}") = "Anmeldeplattform", "Anmeldeplattform\Anmeldeplattform.csproj", "{5EDA7B16-0EEC-4B5D-8282-7F709BA1A20B}"
EndProject
Project("{FAE04EC0-301F-11D3-BF4B-00C04F79EFBC}") = "DB_Transfer", "DB_Transfer\DB_Transfer.csproj", "{4C0F42AD-4927-4F6D-8EB2-5028BF3661C8}"
EndProject
Global
	GlobalSection(SolutionConfigurationPlatforms) = preSolution
		Debug|Any CPU = Debug|Any CPU
		Release|Any CPU = Release|Any CPU
	EndGlobalSection
	GlobalSection(ProjectConfigurationPlatforms) = postSolution
		{5EDA7B16-0EEC-4B5D-8282-7F709BA1A20B}.Debug|Any CPU.ActiveCfg = Debug|Any CPU
		{5EDA7B16-0EEC-4B5D-8282-7F709BA1A20B}.Debug|Any CPU.Build.0 = Debug|Any CPU
		{5EDA7B16-0EEC-4B5D-8282-7F709BA1A20B}.Release|Any CPU.ActiveCfg = Release|Any CPU
		{5EDA7B16-0EEC-4B5D-8282-7F709BA1A20B}.Release|Any CPU.Build.0 = Release|Any CPU
		{4C0F42AD-4927-4F6D-8EB2-5028BF3661C8}.Debug|Any CPU.ActiveCfg = Debug|Any CPU
		{4C0F42AD-4927-4F6D-8EB2-5028BF3661C8}.Debug|Any CPU.Build.0 = Debug|Any CPU
		{4C0F42AD-4927-4F6D-8EB2-5028BF3661C8}.Release|Any CPU.ActiveCfg = Release|Any CPU
		{4C0F42AD-4927-4F6D-8EB2-5028BF3661C8}.Release|Any CPU.Build.0 = Release|Any CPU
	EndGlobalSection
	GlobalSection(SolutionProperties) = preSolution
		HideSolutionNode = FALSE
	EndGlobalSection
	GlobalSection(ExtensibilityGlobals) = postSolution
		SolutionGuid = {2C864D4A-75EB-4F73-A6FF-9D65DEE7056D}
	EndGlobalSection
EndGlobal
